PODS:
  - boost-for-react-native (1.63.0)
  - DoubleConversion (1.1.6)
  - FBLazyVector (0.64.2-2)
  - FBReactNativeSpec (0.64.2-2):
    - RCT-Folly (= 2020.01.13.00)
    - RCTRequired (= 0.64.2-2)
    - RCTTypeSafety (= 0.64.2-2)
    - React-Core (= 0.64.2-2)
    - React-jsi (= 0.64.2-2)
    - ReactCommon/turbomodule/core (= 0.64.2-2)
  - glog (0.3.5)
  - RCT-Folly (2020.01.13.00):
    - boost-for-react-native
    - DoubleConversion
    - glog
    - RCT-Folly/Default (= 2020.01.13.00)
  - RCT-Folly/Default (2020.01.13.00):
    - boost-for-react-native
    - DoubleConversion
    - glog
  - RCTRequired (0.64.2-2)
  - RCTTypeSafety (0.64.2-2):
    - FBLazyVector (= 0.64.2-2)
    - RCT-Folly (= 2020.01.13.00)
    - RCTRequired (= 0.64.2-2)
    - React-Core (= 0.64.2-2)
  - React (0.64.2-2):
    - React-Core (= 0.64.2-2)
    - React-Core/DevSupport (= 0.64.2-2)
    - React-Core/RCTWebSocket (= 0.64.2-2)
    - React-RCTAnimation (= 0.64.2-2)
    - React-RCTBlob (= 0.64.2-2)
    - React-RCTImage (= 0.64.2-2)
    - React-RCTLinking (= 0.64.2-2)
    - React-RCTNetwork (= 0.64.2-2)
    - React-RCTSettings (= 0.64.2-2)
    - React-RCTText (= 0.64.2-2)
  - React-callinvoker (0.64.2-2)
  - React-Core (0.64.2-2):
    - glog
    - RCT-Folly (= 2020.01.13.00)
    - React-Core/Default (= 0.64.2-2)
    - React-cxxreact (= 0.64.2-2)
    - React-jsi (= 0.64.2-2)
    - React-jsiexecutor (= 0.64.2-2)
    - React-perflogger (= 0.64.2-2)
    - Yoga
  - React-Core/CoreModulesHeaders (0.64.2-2):
    - glog
    - RCT-Folly (= 2020.01.13.00)
    - React-Core/Default
    - React-cxxreact (= 0.64.2-2)
    - React-jsi (= 0.64.2-2)
    - React-jsiexecutor (= 0.64.2-2)
    - React-perflogger (= 0.64.2-2)
    - Yoga
  - React-Core/Default (0.64.2-2):
    - glog
    - RCT-Folly (= 2020.01.13.00)
    - React-cxxreact (= 0.64.2-2)
    - React-jsi (= 0.64.2-2)
    - React-jsiexecutor (= 0.64.2-2)
    - React-perflogger (= 0.64.2-2)
    - Yoga
  - React-Core/DevSupport (0.64.2-2):
    - glog
    - RCT-Folly (= 2020.01.13.00)
    - React-Core/Default (= 0.64.2-2)
    - React-Core/RCTWebSocket (= 0.64.2-2)
    - React-cxxreact (= 0.64.2-2)
    - React-jsi (= 0.64.2-2)
    - React-jsiexecutor (= 0.64.2-2)
    - React-jsinspector (= 0.64.2-2)
    - React-perflogger (= 0.64.2-2)
    - Yoga
  - React-Core/RCTAnimationHeaders (0.64.2-2):
    - glog
    - RCT-Folly (= 2020.01.13.00)
    - React-Core/Default
    - React-cxxreact (= 0.64.2-2)
    - React-jsi (= 0.64.2-2)
    - React-jsiexecutor (= 0.64.2-2)
    - React-perflogger (= 0.64.2-2)
    - Yoga
  - React-Core/RCTBlobHeaders (0.64.2-2):
    - glog
    - RCT-Folly (= 2020.01.13.00)
    - React-Core/Default
    - React-cxxreact (= 0.64.2-2)
    - React-jsi (= 0.64.2-2)
    - React-jsiexecutor (= 0.64.2-2)
    - React-perflogger (= 0.64.2-2)
    - Yoga
  - React-Core/RCTImageHeaders (0.64.2-2):
    - glog
    - RCT-Folly (= 2020.01.13.00)
    - React-Core/Default
    - React-cxxreact (= 0.64.2-2)
    - React-jsi (= 0.64.2-2)
    - React-jsiexecutor (= 0.64.2-2)
    - React-perflogger (= 0.64.2-2)
    - Yoga
  - React-Core/RCTLinkingHeaders (0.64.2-2):
    - glog
    - RCT-Folly (= 2020.01.13.00)
    - React-Core/Default
    - React-cxxreact (= 0.64.2-2)
    - React-jsi (= 0.64.2-2)
    - React-jsiexecutor (= 0.64.2-2)
    - React-perflogger (= 0.64.2-2)
    - Yoga
  - React-Core/RCTNetworkHeaders (0.64.2-2):
    - glog
    - RCT-Folly (= 2020.01.13.00)
    - React-Core/Default
    - React-cxxreact (= 0.64.2-2)
    - React-jsi (= 0.64.2-2)
    - React-jsiexecutor (= 0.64.2-2)
    - React-perflogger (= 0.64.2-2)
    - Yoga
  - React-Core/RCTSettingsHeaders (0.64.2-2):
    - glog
    - RCT-Folly (= 2020.01.13.00)
    - React-Core/Default
    - React-cxxreact (= 0.64.2-2)
    - React-jsi (= 0.64.2-2)
    - React-jsiexecutor (= 0.64.2-2)
    - React-perflogger (= 0.64.2-2)
    - Yoga
  - React-Core/RCTTextHeaders (0.64.2-2):
    - glog
    - RCT-Folly (= 2020.01.13.00)
    - React-Core/Default
    - React-cxxreact (= 0.64.2-2)
    - React-jsi (= 0.64.2-2)
    - React-jsiexecutor (= 0.64.2-2)
    - React-perflogger (= 0.64.2-2)
    - Yoga
  - React-Core/RCTWebSocket (0.64.2-2):
    - glog
    - RCT-Folly (= 2020.01.13.00)
    - React-Core/Default (= 0.64.2-2)
    - React-cxxreact (= 0.64.2-2)
    - React-jsi (= 0.64.2-2)
    - React-jsiexecutor (= 0.64.2-2)
    - React-perflogger (= 0.64.2-2)
    - Yoga
  - React-CoreModules (0.64.2-2):
    - FBReactNativeSpec (= 0.64.2-2)
    - RCT-Folly (= 2020.01.13.00)
    - RCTTypeSafety (= 0.64.2-2)
    - React-Core/CoreModulesHeaders (= 0.64.2-2)
    - React-jsi (= 0.64.2-2)
    - React-RCTImage (= 0.64.2-2)
    - ReactCommon/turbomodule/core (= 0.64.2-2)
  - React-cxxreact (0.64.2-2):
    - boost-for-react-native (= 1.63.0)
    - DoubleConversion
    - glog
    - RCT-Folly (= 2020.01.13.00)
    - React-callinvoker (= 0.64.2-2)
    - React-jsi (= 0.64.2-2)
    - React-jsinspector (= 0.64.2-2)
    - React-perflogger (= 0.64.2-2)
    - React-runtimeexecutor (= 0.64.2-2)
  - React-jsi (0.64.2-2):
    - boost-for-react-native (= 1.63.0)
    - DoubleConversion
    - glog
    - RCT-Folly (= 2020.01.13.00)
    - React-jsi/Default (= 0.64.2-2)
  - React-jsi/Default (0.64.2-2):
    - boost-for-react-native (= 1.63.0)
    - DoubleConversion
    - glog
    - RCT-Folly (= 2020.01.13.00)
  - React-jsiexecutor (0.64.2-2):
    - DoubleConversion
    - glog
    - RCT-Folly (= 2020.01.13.00)
    - React-cxxreact (= 0.64.2-2)
    - React-jsi (= 0.64.2-2)
    - React-perflogger (= 0.64.2-2)
  - React-jsinspector (0.64.2-2)
  - react-native-file-access (1.7.1):
    - React-Core
  - react-native-progress-view (1.3.1):
    - React-Core
  - react-native-safe-area-context (3.3.2):
    - React-Core
  - react-native-video (5.1.1):
    - React-Core
    - react-native-video/Video (= 5.1.1)
  - react-native-video/Video (5.1.1):
    - React-Core
  - React-perflogger (0.64.2-2)
  - React-RCTAnimation (0.64.2-2):
    - FBReactNativeSpec (= 0.64.2-2)
    - RCT-Folly (= 2020.01.13.00)
    - RCTTypeSafety (= 0.64.2-2)
    - React-Core/RCTAnimationHeaders (= 0.64.2-2)
    - React-jsi (= 0.64.2-2)
    - ReactCommon/turbomodule/core (= 0.64.2-2)
  - React-RCTBlob (0.64.2-2):
    - FBReactNativeSpec (= 0.64.2-2)
    - RCT-Folly (= 2020.01.13.00)
    - React-Core/RCTBlobHeaders (= 0.64.2-2)
    - React-Core/RCTWebSocket (= 0.64.2-2)
    - React-jsi (= 0.64.2-2)
    - React-RCTNetwork (= 0.64.2-2)
    - ReactCommon/turbomodule/core (= 0.64.2-2)
  - React-RCTImage (0.64.2-2):
    - FBReactNativeSpec (= 0.64.2-2)
    - RCT-Folly (= 2020.01.13.00)
    - RCTTypeSafety (= 0.64.2-2)
    - React-Core/RCTImageHeaders (= 0.64.2-2)
    - React-jsi (= 0.64.2-2)
    - React-RCTNetwork (= 0.64.2-2)
    - ReactCommon/turbomodule/core (= 0.64.2-2)
  - React-RCTLinking (0.64.2-2):
    - FBReactNativeSpec (= 0.64.2-2)
    - React-Core/RCTLinkingHeaders (= 0.64.2-2)
    - React-jsi (= 0.64.2-2)
    - ReactCommon/turbomodule/core (= 0.64.2-2)
  - React-RCTNetwork (0.64.2-2):
    - FBReactNativeSpec (= 0.64.2-2)
    - RCT-Folly (= 2020.01.13.00)
    - RCTTypeSafety (= 0.64.2-2)
    - React-Core/RCTNetworkHeaders (= 0.64.2-2)
    - React-jsi (= 0.64.2-2)
    - ReactCommon/turbomodule/core (= 0.64.2-2)
  - React-RCTSettings (0.64.2-2):
    - FBReactNativeSpec (= 0.64.2-2)
    - RCT-Folly (= 2020.01.13.00)
    - RCTTypeSafety (= 0.64.2-2)
    - React-Core/RCTSettingsHeaders (= 0.64.2-2)
    - React-jsi (= 0.64.2-2)
    - ReactCommon/turbomodule/core (= 0.64.2-2)
  - React-RCTText (0.64.2-2):
    - React-Core/RCTTextHeaders (= 0.64.2-2)
  - React-runtimeexecutor (0.64.2-2):
    - React-jsi (= 0.64.2-2)
  - ReactCommon/turbomodule/core (0.64.2-2):
    - DoubleConversion
    - glog
    - RCT-Folly (= 2020.01.13.00)
    - React-callinvoker (= 0.64.2-2)
    - React-Core (= 0.64.2-2)
    - React-cxxreact (= 0.64.2-2)
    - React-jsi (= 0.64.2-2)
    - React-perflogger (= 0.64.2-2)
  - RNCAsyncStorage (1.15.9):
    - React-Core
  - RNReanimated (2.2.2):
    - DoubleConversion
    - FBLazyVector
    - FBReactNativeSpec
    - glog
    - RCT-Folly
    - RCTRequired
    - RCTTypeSafety
    - React
    - React-callinvoker
    - React-Core
    - React-Core/DevSupport
    - React-Core/RCTWebSocket
    - React-CoreModules
    - React-cxxreact
    - React-jsi
    - React-jsiexecutor
    - React-jsinspector
    - React-RCTAnimation
    - React-RCTBlob
    - React-RCTImage
    - React-RCTLinking
    - React-RCTNetwork
    - React-RCTSettings
    - React-RCTText
    - ReactCommon/turbomodule/core
    - Yoga
  - RNScreens (3.8.0):
    - React-Core
    - React-RCTImage
  - Yoga (1.14.0)

DEPENDENCIES:
  - DoubleConversion (from `../node_modules/react-native/third-party-podspecs/DoubleConversion.podspec`)
  - FBLazyVector (from `../node_modules/react-native/Libraries/FBLazyVector`)
  - FBReactNativeSpec (from `../node_modules/react-native/React/FBReactNativeSpec`)
  - glog (from `../node_modules/react-native/third-party-podspecs/glog.podspec`)
  - RCT-Folly (from `../node_modules/react-native/third-party-podspecs/RCT-Folly.podspec`)
  - RCTRequired (from `../node_modules/react-native/Libraries/RCTRequired`)
  - RCTTypeSafety (from `../node_modules/react-native/Libraries/TypeSafety`)
  - React (from `../node_modules/react-native/`)
  - React-callinvoker (from `../node_modules/react-native/ReactCommon/callinvoker`)
  - React-Core (from `../node_modules/react-native/`)
  - React-Core/DevSupport (from `../node_modules/react-native/`)
  - React-Core/RCTWebSocket (from `../node_modules/react-native/`)
  - React-CoreModules (from `../node_modules/react-native/React/CoreModules`)
  - React-cxxreact (from `../node_modules/react-native/ReactCommon/cxxreact`)
  - React-jsi (from `../node_modules/react-native/ReactCommon/jsi`)
  - React-jsiexecutor (from `../node_modules/react-native/ReactCommon/jsiexecutor`)
  - React-jsinspector (from `../node_modules/react-native/ReactCommon/jsinspector`)
  - react-native-file-access (from `../node_modules/react-native-file-access`)
  - "react-native-progress-view (from `../node_modules/@react-native-community/progress-view`)"
  - react-native-safe-area-context (from `../node_modules/react-native-safe-area-context`)
  - react-native-video (from `../node_modules/react-native-video`)
  - React-perflogger (from `../node_modules/react-native/ReactCommon/reactperflogger`)
  - React-RCTAnimation (from `../node_modules/react-native/Libraries/NativeAnimation`)
  - React-RCTBlob (from `../node_modules/react-native/Libraries/Blob`)
  - React-RCTImage (from `../node_modules/react-native/Libraries/Image`)
  - React-RCTLinking (from `../node_modules/react-native/Libraries/LinkingIOS`)
  - React-RCTNetwork (from `../node_modules/react-native/Libraries/Network`)
  - React-RCTSettings (from `../node_modules/react-native/Libraries/Settings`)
  - React-RCTText (from `../node_modules/react-native/Libraries/Text`)
  - React-runtimeexecutor (from `../node_modules/react-native/ReactCommon/runtimeexecutor`)
  - ReactCommon/turbomodule/core (from `../node_modules/react-native/ReactCommon`)
  - "RNCAsyncStorage (from `../node_modules/@react-native-async-storage/async-storage`)"
  - RNReanimated (from `../node_modules/react-native-reanimated`)
  - RNScreens (from `../node_modules/react-native-screens`)
  - Yoga (from `../node_modules/react-native/ReactCommon/yoga`)

SPEC REPOS:
  trunk:
    - boost-for-react-native

EXTERNAL SOURCES:
  DoubleConversion:
    :podspec: "../node_modules/react-native/third-party-podspecs/DoubleConversion.podspec"
  FBLazyVector:
    :path: "../node_modules/react-native/Libraries/FBLazyVector"
  FBReactNativeSpec:
    :path: "../node_modules/react-native/React/FBReactNativeSpec"
  glog:
    :podspec: "../node_modules/react-native/third-party-podspecs/glog.podspec"
  RCT-Folly:
    :podspec: "../node_modules/react-native/third-party-podspecs/RCT-Folly.podspec"
  RCTRequired:
    :path: "../node_modules/react-native/Libraries/RCTRequired"
  RCTTypeSafety:
    :path: "../node_modules/react-native/Libraries/TypeSafety"
  React:
    :path: "../node_modules/react-native/"
  React-callinvoker:
    :path: "../node_modules/react-native/ReactCommon/callinvoker"
  React-Core:
    :path: "../node_modules/react-native/"
  React-CoreModules:
    :path: "../node_modules/react-native/React/CoreModules"
  React-cxxreact:
    :path: "../node_modules/react-native/ReactCommon/cxxreact"
  React-jsi:
    :path: "../node_modules/react-native/ReactCommon/jsi"
  React-jsiexecutor:
    :path: "../node_modules/react-native/ReactCommon/jsiexecutor"
  React-jsinspector:
    :path: "../node_modules/react-native/ReactCommon/jsinspector"
  react-native-file-access:
    :path: "../node_modules/react-native-file-access"
  react-native-progress-view:
    :path: "../node_modules/@react-native-community/progress-view"
  react-native-safe-area-context:
    :path: "../node_modules/react-native-safe-area-context"
  react-native-video:
    :path: "../node_modules/react-native-video"
  React-perflogger:
    :path: "../node_modules/react-native/ReactCommon/reactperflogger"
  React-RCTAnimation:
    :path: "../node_modules/react-native/Libraries/NativeAnimation"
  React-RCTBlob:
    :path: "../node_modules/react-native/Libraries/Blob"
  React-RCTImage:
    :path: "../node_modules/react-native/Libraries/Image"
  React-RCTLinking:
    :path: "../node_modules/react-native/Libraries/LinkingIOS"
  React-RCTNetwork:
    :path: "../node_modules/react-native/Libraries/Network"
  React-RCTSettings:
    :path: "../node_modules/react-native/Libraries/Settings"
  React-RCTText:
    :path: "../node_modules/react-native/Libraries/Text"
  React-runtimeexecutor:
    :path: "../node_modules/react-native/ReactCommon/runtimeexecutor"
  ReactCommon:
    :path: "../node_modules/react-native/ReactCommon"
  RNCAsyncStorage:
    :path: "../node_modules/@react-native-async-storage/async-storage"
  RNReanimated:
    :path: "../node_modules/react-native-reanimated"
  RNScreens:
    :path: "../node_modules/react-native-screens"
  Yoga:
    :path: "../node_modules/react-native/ReactCommon/yoga"

SPEC CHECKSUMS:
  boost-for-react-native: 39c7adb57c4e60d6c5479dd8623128eb5b3f0f2c
  DoubleConversion: cde416483dac037923206447da6e1454df403714
  FBLazyVector: 7fd7485ebdd1572a8faf2a24509ed2c37f8db77f
  FBReactNativeSpec: e78f94993fa14d8b60c79c314688894b5260f842
  glog: 40a13f7840415b9a77023fbcae0f1e6f43192af3
  RCT-Folly: ec7a233ccc97cc556cf7237f0db1ff65b986f27c
  RCTRequired: 587385d66e6bbb5632ade820568adf71edb60545
  RCTTypeSafety: 6500c28dcf018ee73a49d64e97c68e4ba2444abc
  React: 5955ef5604d8e0f9b718cfe784a7cbdd584fb46d
  React-callinvoker: 5eb1965c9c77e746019a3b4a3222c94c85cc5fa3
  React-Core: 47ae61d071eecad4a92a4e702758668174188f9b
  React-CoreModules: 2dfa6119229f8aa21680261ed33dcf720a313936
  React-cxxreact: 7de85b2a79a8ba684aefef59bc0baed66e889c92
  React-jsi: a9cfd61ea63646230601c893424090a442bd2c25
  React-jsiexecutor: 74dd9b564b4f87f7835ebe729f23bb97d281bee1
  React-jsinspector: f49fa9d09ea327d0f0bdd268fd0925db58d19951
  react-native-file-access: 829e72644fb6ea7b78a803f5cb78c2d6b6398f7c
  react-native-progress-view: 832e35fb50a0bf26a513c6a52f27a8fb4c44af84
  react-native-safe-area-context: 584dc04881deb49474363f3be89e4ca0e854c057
  react-native-video: 0bb76b6d6b77da3009611586c7dbf817b947f30e
  React-perflogger: 2f5ca2592cb8c2dce248f171c9193abad44ad08d
  React-RCTAnimation: fcecb04903a27253a40c5df81b142f2a82c37380
  React-RCTBlob: 2af9d951f742821632f53964c77a8d98f0a2be37
  React-RCTImage: a2ab40a8a666fa6079e04220dd5bd02bb6e3c8b0
  React-RCTLinking: 9dc74a85428942d2904c956c3c1d8fc774ddd8e6
  React-RCTNetwork: dc3f691a5fdf2fcc718647e526d60c4148dacded
  React-RCTSettings: e28e0b1133401f239edc98ff4df01ba3bf7391b5
  React-RCTText: aa98f3eb2a43c9b0fd7ea00c5d97409f8493636c
  React-runtimeexecutor: c609425af7a4fd1da7d549e81614487f702e5025
  ReactCommon: fe50c49bc90e5d242845cb534f88164868cba242
  RNCAsyncStorage: 26f25150da507524a7815f2ada06ca0967f65633
  RNReanimated: be7d9e8e945619e2aa4aefe36b4fd65ebb473acc
  RNScreens: 6e1ea5787989f92b0671049b808aef64fa1ef98c
  Yoga: e6fb09105c0264e3ad22605d6b6fa2776e169518

PODFILE CHECKSUM: 3806d09e10128c9224362876eda30aa3402faa95

COCOAPODS: 1.11.2
